{
  "name": "maghribnode",
  "version": "3.0.0",
  "lockfileVersion": 1,
  "requires": true,
  "dependencies": {
    "somethingjs": {
      "version": "1.0.2",
      "resolved": "https://registry.npmjs.org/somethingjs/-/somethingjs-1.0.2.tgz",
      "integrity": "sha512-NqgRi5L1VdwMpH6flliQWjDD//qHL3KzSzSgW+dFzIRuIRGovsFmCzKD2+9d8MkBXz+cidvxa7AciOvR4YAiVg==",
      "requires": {
        "somethingjs": "^1.0.0"
      }
    }
  }
}
